
Microsoft Visual Studio Solution File, Format Version 12.00
# Visual Studio Version 16
VisualStudioVersion = 16.0.30413.136
MinimumVisualStudioVersion = 10.0.40219.1
Project("{FAE04EC0-301F-11D3-BF4B-00C04F79EFBC}") = "StockPurchaseDictionary", "StockPurchaseDictionary\StockPurchaseDictionary.csproj", "{ED39C810-2ACA-4E87-B4C0-2AF3DFBD1B98}"
EndProject
Global
	GlobalSection(SolutionConfigurationPlatforms) = preSolution
		Debug|Any CPU = Debug|Any CPU
		Release|Any CPU = Release|Any CPU
	EndGlobalSection
	GlobalSection(ProjectConfigurationPlatforms) = postSolution
		{ED39C810-2ACA-4E87-B4C0-2AF3DFBD1B98}.Debug|Any CPU.ActiveCfg = Debug|Any CPU
		{ED39C810-2ACA-4E87-B4C0-2AF3DFBD1B98}.Debug|Any CPU.Build.0 = Debug|Any CPU
		{ED39C810-2ACA-4E87-B4C0-2AF3DFBD1B98}.Release|Any CPU.ActiveCfg = Release|Any CPU
		{ED39C810-2ACA-4E87-B4C0-2AF3DFBD1B98}.Release|Any CPU.Build.0 = Release|Any CPU
	EndGlobalSection
	GlobalSection(SolutionProperties) = preSolution
		HideSolutionNode = FALSE
	EndGlobalSection
	GlobalSection(ExtensibilityGlobals) = postSolution
		SolutionGuid = {D3235CD2-34DB-4DA7-864C-6D9A8B9B9101}
	EndGlobalSection
EndGlobal
